{
  "nodes": {
    "ft-nix": {
      "inputs": {
        "nixpkgs": [
          "nixpkgs"
        ]
      },
      "locked": {
        "lastModified": 1686060979,
        "narHash": "sha256-0/62GdMCuIQs7K4RjJ7A22P+2OJqwa93czyI8zHuoSo=",
        "owner": "vinicius507",
        "repo": "42-nix",
        "rev": "2e4c672b3b218dcf7cdd6419ce88f7035cf842f1",
        "type": "github"
      },
      "original": {
        "owner": "vinicius507",
        "repo": "42-nix",
        "type": "github"
      }
    },
    "nixpkgs": {
      "locked": {
        "lastModified": 1683207485,
        "narHash": "sha256-gs+PHt/y/XQB7S8+YyBLAM8LjgYpPZUVFQBwpFSmJro=",
        "owner": "nixos",
        "repo": "nixpkgs",
        "rev": "cc45a3f8c98e1c33ca996e3504adefbf660a72d1",
        "type": "github"
      },
      "original": {
        "owner": "nixos",
        "ref": "release-22.11",
        "repo": "nixpkgs",
        "type": "github"
      }
    },
    "root": {
      "inputs": {
        "ft-nix": "ft-nix",
        "nixpkgs": "nixpkgs"
      }
    }
  },
  "root": "root",
  "version": 7
}
