{
  "nodes": {
    "ft-nix": {
      "inputs": {
        "nixpkgs": [
          "nixpkgs"
        ]
      },
      "locked": {
        "lastModified": 1686060979,
        "narHash": "sha256-0/62GdMCuIQs7K4RjJ7A22P+2OJqwa93czyI8zHuoSo=",
        "owner": "vinicius507",
        "repo": "42-nix",
        "rev": "2e4c672b3b218dcf7cdd6419ce88f7035cf842f1",
        "type": "github"
      },
      "original": {
        "owner": "vinicius507",
        "repo": "42-nix",
        "type": "github"
      }
    },
    "nixpkgs": {
      "locked": {
        "lastModified": 1688409007,
        "narHash": "sha256-4wWwle3V7x4gTGdfBhAvrYK2CV6fJZKhTfS6ncHU7LY=",
        "owner": "nixos",
        "repo": "nixpkgs",
        "rev": "4f751ba5aae4b9c495a2607630c6773729be4ae2",
        "type": "github"
      },
      "original": {
        "owner": "nixos",
        "ref": "release-23.05",
        "repo": "nixpkgs",
        "type": "github"
      }
    },
    "root": {
      "inputs": {
        "ft-nix": "ft-nix",
        "nixpkgs": "nixpkgs"
      }
    }
  },
  "root": "root",
  "version": 7
}
